
Microsoft Visual Studio Solution File, Format Version 12.00
# Visual Studio Version 16
VisualStudioVersion = 16.0.30104.148
MinimumVisualStudioVersion = 10.0.40219.1
Project("{FAE04EC0-301F-11D3-BF4B-00C04F79EFBC}") = "MyNotePad", "MyNotePad\MyNotePad.csproj", "{58D7D8ED-0843-41E4-8337-B5785BA644F4}"
EndProject
Global
	GlobalSection(SolutionConfigurationPlatforms) = preSolution
		Debug|Any CPU = Debug|Any CPU
		Release|Any CPU = Release|Any CPU
	EndGlobalSection
	GlobalSection(ProjectConfigurationPlatforms) = postSolution
		{58D7D8ED-0843-41E4-8337-B5785BA644F4}.Debug|Any CPU.ActiveCfg = Debug|Any CPU
		{58D7D8ED-0843-41E4-8337-B5785BA644F4}.Debug|Any CPU.Build.0 = Debug|Any CPU
		{58D7D8ED-0843-41E4-8337-B5785BA644F4}.Release|Any CPU.ActiveCfg = Release|Any CPU
		{58D7D8ED-0843-41E4-8337-B5785BA644F4}.Release|Any CPU.Build.0 = Release|Any CPU
	EndGlobalSection
	GlobalSection(SolutionProperties) = preSolution
		HideSolutionNode = FALSE
	EndGlobalSection
	GlobalSection(ExtensibilityGlobals) = postSolution
		SolutionGuid = {A3B6D4E7-4B45-4EE2-A5F1-84237C90E0CE}
	EndGlobalSection
EndGlobal
